
Microsoft Visual Studio Solution File, Format Version 12.00
# Visual Studio 15
VisualStudioVersion = 15.0.28307.421
MinimumVisualStudioVersion = 10.0.40219.1
Project("{FAE04EC0-301F-11D3-BF4B-00C04F79EFBC}") = "Fun with ES6 Classes 2 - Animals and Inheritance", "Fun with ES6 Classes 2 - Animals and Inheritance\Fun with ES6 Classes 2 - Animals and Inheritance.csproj", "{CCC051C5-29C3-4A49-9A83-A6BB42D320CD}"
EndProject
Global
	GlobalSection(SolutionConfigurationPlatforms) = preSolution
		Debug|Any CPU = Debug|Any CPU
		Release|Any CPU = Release|Any CPU
	EndGlobalSection
	GlobalSection(ProjectConfigurationPlatforms) = postSolution
		{CCC051C5-29C3-4A49-9A83-A6BB42D320CD}.Debug|Any CPU.ActiveCfg = Debug|Any CPU
		{CCC051C5-29C3-4A49-9A83-A6BB42D320CD}.Debug|Any CPU.Build.0 = Debug|Any CPU
		{CCC051C5-29C3-4A49-9A83-A6BB42D320CD}.Release|Any CPU.ActiveCfg = Release|Any CPU
		{CCC051C5-29C3-4A49-9A83-A6BB42D320CD}.Release|Any CPU.Build.0 = Release|Any CPU
	EndGlobalSection
	GlobalSection(SolutionProperties) = preSolution
		HideSolutionNode = FALSE
	EndGlobalSection
	GlobalSection(ExtensibilityGlobals) = postSolution
		SolutionGuid = {D90021C7-4DDB-4BDA-A689-39EACE8A1404}
	EndGlobalSection
EndGlobal
