
Microsoft Visual Studio Solution File, Format Version 12.00
# Visual Studio Version 16
VisualStudioVersion = 16.0.30128.74
MinimumVisualStudioVersion = 10.0.40219.1
Project("{FAE04EC0-301F-11D3-BF4B-00C04F79EFBC}") = "PrimeStreaming", "PrimeStreaming\PrimeStreaming.csproj", "{C34F89FD-9356-4760-B287-9E65F13CECE7}"
EndProject
Project("{FAE04EC0-301F-11D3-BF4B-00C04F79EFBC}") = "PrimeStreamingTests", "PrimeStreamingTests\PrimeStreamingTests.csproj", "{FA73056F-2315-4F9F-9DEB-86A9C078F4E8}"
EndProject
Global
	GlobalSection(SolutionConfigurationPlatforms) = preSolution
		Debug|Any CPU = Debug|Any CPU
		Release|Any CPU = Release|Any CPU
	EndGlobalSection
	GlobalSection(ProjectConfigurationPlatforms) = postSolution
		{C34F89FD-9356-4760-B287-9E65F13CECE7}.Debug|Any CPU.ActiveCfg = Debug|Any CPU
		{C34F89FD-9356-4760-B287-9E65F13CECE7}.Debug|Any CPU.Build.0 = Debug|Any CPU
		{C34F89FD-9356-4760-B287-9E65F13CECE7}.Release|Any CPU.ActiveCfg = Release|Any CPU
		{C34F89FD-9356-4760-B287-9E65F13CECE7}.Release|Any CPU.Build.0 = Release|Any CPU
		{FA73056F-2315-4F9F-9DEB-86A9C078F4E8}.Debug|Any CPU.ActiveCfg = Debug|Any CPU
		{FA73056F-2315-4F9F-9DEB-86A9C078F4E8}.Debug|Any CPU.Build.0 = Debug|Any CPU
		{FA73056F-2315-4F9F-9DEB-86A9C078F4E8}.Release|Any CPU.ActiveCfg = Release|Any CPU
		{FA73056F-2315-4F9F-9DEB-86A9C078F4E8}.Release|Any CPU.Build.0 = Release|Any CPU
	EndGlobalSection
	GlobalSection(SolutionProperties) = preSolution
		HideSolutionNode = FALSE
	EndGlobalSection
	GlobalSection(ExtensibilityGlobals) = postSolution
		SolutionGuid = {1F55423E-CCB2-45EE-97E8-79953606E218}
	EndGlobalSection
EndGlobal
