
Microsoft Visual Studio Solution File, Format Version 12.00
# Visual Studio 15
VisualStudioVersion = 15.0.28307.271
MinimumVisualStudioVersion = 10.0.40219.1
Project("{FAE04EC0-301F-11D3-BF4B-00C04F79EFBC}") = "Convert a Number to a String", "Convert a Number to a String\Convert a Number to a String.csproj", "{2B4A62D8-6F39-4E3B-A850-EB1E74139791}"
EndProject
Global
	GlobalSection(SolutionConfigurationPlatforms) = preSolution
		Debug|Any CPU = Debug|Any CPU
		Release|Any CPU = Release|Any CPU
	EndGlobalSection
	GlobalSection(ProjectConfigurationPlatforms) = postSolution
		{2B4A62D8-6F39-4E3B-A850-EB1E74139791}.Debug|Any CPU.ActiveCfg = Debug|Any CPU
		{2B4A62D8-6F39-4E3B-A850-EB1E74139791}.Debug|Any CPU.Build.0 = Debug|Any CPU
		{2B4A62D8-6F39-4E3B-A850-EB1E74139791}.Release|Any CPU.ActiveCfg = Release|Any CPU
		{2B4A62D8-6F39-4E3B-A850-EB1E74139791}.Release|Any CPU.Build.0 = Release|Any CPU
	EndGlobalSection
	GlobalSection(SolutionProperties) = preSolution
		HideSolutionNode = FALSE
	EndGlobalSection
	GlobalSection(ExtensibilityGlobals) = postSolution
		SolutionGuid = {F0887B77-2F0C-48E7-9A2C-350552F97708}
	EndGlobalSection
EndGlobal
