
Microsoft Visual Studio Solution File, Format Version 12.00
# Visual Studio 15
VisualStudioVersion = 15.0.28307.421
MinimumVisualStudioVersion = 10.0.40219.1
Project("{FAE04EC0-301F-11D3-BF4B-00C04F79EFBC}") = "FunWithListsMap", "FunWithListsMap\FunWithListsMap.csproj", "{56A61863-EBFF-49DA-86A5-AF1B33820A55}"
EndProject
Project("{FAE04EC0-301F-11D3-BF4B-00C04F79EFBC}") = "FunWithListsMapTests", "FunWithListsMapTests\FunWithListsMapTests.csproj", "{42E8793B-8F8D-4889-B282-BAC31BF77915}"
EndProject
Global
	GlobalSection(SolutionConfigurationPlatforms) = preSolution
		Debug|Any CPU = Debug|Any CPU
		Release|Any CPU = Release|Any CPU
	EndGlobalSection
	GlobalSection(ProjectConfigurationPlatforms) = postSolution
		{56A61863-EBFF-49DA-86A5-AF1B33820A55}.Debug|Any CPU.ActiveCfg = Debug|Any CPU
		{56A61863-EBFF-49DA-86A5-AF1B33820A55}.Debug|Any CPU.Build.0 = Debug|Any CPU
		{56A61863-EBFF-49DA-86A5-AF1B33820A55}.Release|Any CPU.ActiveCfg = Release|Any CPU
		{56A61863-EBFF-49DA-86A5-AF1B33820A55}.Release|Any CPU.Build.0 = Release|Any CPU
		{42E8793B-8F8D-4889-B282-BAC31BF77915}.Debug|Any CPU.ActiveCfg = Debug|Any CPU
		{42E8793B-8F8D-4889-B282-BAC31BF77915}.Debug|Any CPU.Build.0 = Debug|Any CPU
		{42E8793B-8F8D-4889-B282-BAC31BF77915}.Release|Any CPU.ActiveCfg = Release|Any CPU
		{42E8793B-8F8D-4889-B282-BAC31BF77915}.Release|Any CPU.Build.0 = Release|Any CPU
	EndGlobalSection
	GlobalSection(SolutionProperties) = preSolution
		HideSolutionNode = FALSE
	EndGlobalSection
	GlobalSection(ExtensibilityGlobals) = postSolution
		SolutionGuid = {E07F44F0-AD6A-426F-97DD-AC697C42CEF6}
	EndGlobalSection
EndGlobal
