
Microsoft Visual Studio Solution File, Format Version 12.00
# Visual Studio Version 16
VisualStudioVersion = 16.0.30128.74
MinimumVisualStudioVersion = 10.0.40219.1
Project("{FAE04EC0-301F-11D3-BF4B-00C04F79EFBC}") = "Validator", "Validator\Validator.csproj", "{084DB486-833D-49AB-BBED-5432E69C094F}"
EndProject
Project("{FAE04EC0-301F-11D3-BF4B-00C04F79EFBC}") = "ValidatorTests", "ValidatorTests\ValidatorTests.csproj", "{881034A5-8359-4E9B-AD33-A7F7BD152F36}"
EndProject
Global
	GlobalSection(SolutionConfigurationPlatforms) = preSolution
		Debug|Any CPU = Debug|Any CPU
		Release|Any CPU = Release|Any CPU
	EndGlobalSection
	GlobalSection(ProjectConfigurationPlatforms) = postSolution
		{084DB486-833D-49AB-BBED-5432E69C094F}.Debug|Any CPU.ActiveCfg = Debug|Any CPU
		{084DB486-833D-49AB-BBED-5432E69C094F}.Debug|Any CPU.Build.0 = Debug|Any CPU
		{084DB486-833D-49AB-BBED-5432E69C094F}.Release|Any CPU.ActiveCfg = Release|Any CPU
		{084DB486-833D-49AB-BBED-5432E69C094F}.Release|Any CPU.Build.0 = Release|Any CPU
		{881034A5-8359-4E9B-AD33-A7F7BD152F36}.Debug|Any CPU.ActiveCfg = Debug|Any CPU
		{881034A5-8359-4E9B-AD33-A7F7BD152F36}.Debug|Any CPU.Build.0 = Debug|Any CPU
		{881034A5-8359-4E9B-AD33-A7F7BD152F36}.Release|Any CPU.ActiveCfg = Release|Any CPU
		{881034A5-8359-4E9B-AD33-A7F7BD152F36}.Release|Any CPU.Build.0 = Release|Any CPU
	EndGlobalSection
	GlobalSection(SolutionProperties) = preSolution
		HideSolutionNode = FALSE
	EndGlobalSection
	GlobalSection(ExtensibilityGlobals) = postSolution
		SolutionGuid = {B61E4507-CC9E-48A2-8206-21FF4FA74848}
	EndGlobalSection
EndGlobal
