
Microsoft Visual Studio Solution File, Format Version 12.00
# Visual Studio 15
VisualStudioVersion = 15.0.28307.421
MinimumVisualStudioVersion = 10.0.40219.1
Project("{FAE04EC0-301F-11D3-BF4B-00C04F79EFBC}") = "RevealSpyIdentity", "RevealSpyIdentity\RevealSpyIdentity.csproj", "{B50B7527-DA9B-4376-9E9B-FAE57001FABF}"
EndProject
Global
	GlobalSection(SolutionConfigurationPlatforms) = preSolution
		Debug|Any CPU = Debug|Any CPU
		Release|Any CPU = Release|Any CPU
	EndGlobalSection
	GlobalSection(ProjectConfigurationPlatforms) = postSolution
		{B50B7527-DA9B-4376-9E9B-FAE57001FABF}.Debug|Any CPU.ActiveCfg = Debug|Any CPU
		{B50B7527-DA9B-4376-9E9B-FAE57001FABF}.Debug|Any CPU.Build.0 = Debug|Any CPU
		{B50B7527-DA9B-4376-9E9B-FAE57001FABF}.Release|Any CPU.ActiveCfg = Release|Any CPU
		{B50B7527-DA9B-4376-9E9B-FAE57001FABF}.Release|Any CPU.Build.0 = Release|Any CPU
	EndGlobalSection
	GlobalSection(SolutionProperties) = preSolution
		HideSolutionNode = FALSE
	EndGlobalSection
	GlobalSection(ExtensibilityGlobals) = postSolution
		SolutionGuid = {9804718B-70EC-47BC-B3FF-DC313C8F3323}
	EndGlobalSection
EndGlobal
