
Microsoft Visual Studio Solution File, Format Version 12.00
# Visual Studio 15
VisualStudioVersion = 15.0.28307.421
MinimumVisualStudioVersion = 10.0.40219.1
Project("{FAE04EC0-301F-11D3-BF4B-00C04F79EFBC}") = "Strings, Numbers and Calculation", "Strings, Numbers and Calculation.csproj", "{46A2B902-EB1E-4988-A461-706CA3BF4446}"
EndProject
Global
	GlobalSection(SolutionConfigurationPlatforms) = preSolution
		Debug|Any CPU = Debug|Any CPU
		Release|Any CPU = Release|Any CPU
	EndGlobalSection
	GlobalSection(ProjectConfigurationPlatforms) = postSolution
		{46A2B902-EB1E-4988-A461-706CA3BF4446}.Debug|Any CPU.ActiveCfg = Debug|Any CPU
		{46A2B902-EB1E-4988-A461-706CA3BF4446}.Debug|Any CPU.Build.0 = Debug|Any CPU
		{46A2B902-EB1E-4988-A461-706CA3BF4446}.Release|Any CPU.ActiveCfg = Release|Any CPU
		{46A2B902-EB1E-4988-A461-706CA3BF4446}.Release|Any CPU.Build.0 = Release|Any CPU
	EndGlobalSection
	GlobalSection(SolutionProperties) = preSolution
		HideSolutionNode = FALSE
	EndGlobalSection
	GlobalSection(ExtensibilityGlobals) = postSolution
		SolutionGuid = {A22F1B41-3078-4F28-89A0-FA16559CAF92}
	EndGlobalSection
EndGlobal
