
Microsoft Visual Studio Solution File, Format Version 12.00
# Visual Studio 15
VisualStudioVersion = 15.0.28307.421
MinimumVisualStudioVersion = 10.0.40219.1
Project("{FAE04EC0-301F-11D3-BF4B-00C04F79EFBC}") = "Basic subclasses - Adam and Eve", "Basic subclasses - Adam and Eve.csproj", "{F7A4A55C-221E-4FE8-B584-FE2EF12DB641}"
EndProject
Global
	GlobalSection(SolutionConfigurationPlatforms) = preSolution
		Debug|Any CPU = Debug|Any CPU
		Release|Any CPU = Release|Any CPU
	EndGlobalSection
	GlobalSection(ProjectConfigurationPlatforms) = postSolution
		{F7A4A55C-221E-4FE8-B584-FE2EF12DB641}.Debug|Any CPU.ActiveCfg = Debug|Any CPU
		{F7A4A55C-221E-4FE8-B584-FE2EF12DB641}.Debug|Any CPU.Build.0 = Debug|Any CPU
		{F7A4A55C-221E-4FE8-B584-FE2EF12DB641}.Release|Any CPU.ActiveCfg = Release|Any CPU
		{F7A4A55C-221E-4FE8-B584-FE2EF12DB641}.Release|Any CPU.Build.0 = Release|Any CPU
	EndGlobalSection
	GlobalSection(SolutionProperties) = preSolution
		HideSolutionNode = FALSE
	EndGlobalSection
	GlobalSection(ExtensibilityGlobals) = postSolution
		SolutionGuid = {AAA258CC-CD17-4DC6-8875-31E096314D12}
	EndGlobalSection
EndGlobal
