
Microsoft Visual Studio Solution File, Format Version 12.00
# Visual Studio 15
VisualStudioVersion = 15.0.28307.421
MinimumVisualStudioVersion = 10.0.40219.1
Project("{FAE04EC0-301F-11D3-BF4B-00C04F79EFBC}") = "ConvertALinkedListToAString", "ConvertALinkedListToAString\ConvertALinkedListToAString.csproj", "{2139FD40-335B-41B7-B65E-95891158E8B3}"
EndProject
Global
	GlobalSection(SolutionConfigurationPlatforms) = preSolution
		Debug|Any CPU = Debug|Any CPU
		Release|Any CPU = Release|Any CPU
	EndGlobalSection
	GlobalSection(ProjectConfigurationPlatforms) = postSolution
		{2139FD40-335B-41B7-B65E-95891158E8B3}.Debug|Any CPU.ActiveCfg = Debug|Any CPU
		{2139FD40-335B-41B7-B65E-95891158E8B3}.Debug|Any CPU.Build.0 = Debug|Any CPU
		{2139FD40-335B-41B7-B65E-95891158E8B3}.Release|Any CPU.ActiveCfg = Release|Any CPU
		{2139FD40-335B-41B7-B65E-95891158E8B3}.Release|Any CPU.Build.0 = Release|Any CPU
	EndGlobalSection
	GlobalSection(SolutionProperties) = preSolution
		HideSolutionNode = FALSE
	EndGlobalSection
	GlobalSection(ExtensibilityGlobals) = postSolution
		SolutionGuid = {2A657E2A-58A6-4104-BBBB-B39EA8E9FA4D}
	EndGlobalSection
EndGlobal
