
Microsoft Visual Studio Solution File, Format Version 12.00
# Visual Studio 15
VisualStudioVersion = 15.0.28307.421
MinimumVisualStudioVersion = 10.0.40219.1
Project("{FAE04EC0-301F-11D3-BF4B-00C04F79EFBC}") = "Singleton Adam and Eve", "Singleton Adam and Eve\Singleton Adam and Eve.csproj", "{82DAEC05-6BC6-44C5-B3C0-25E7809DD0A6}"
EndProject
Project("{FAE04EC0-301F-11D3-BF4B-00C04F79EFBC}") = "SingletonAdamAndEveTests", "SingletonAdamAndEveTests\SingletonAdamAndEveTests.csproj", "{476BF99E-F522-4BE0-BA56-14618F8BC795}"
EndProject
Global
	GlobalSection(SolutionConfigurationPlatforms) = preSolution
		Debug|Any CPU = Debug|Any CPU
		Release|Any CPU = Release|Any CPU
	EndGlobalSection
	GlobalSection(ProjectConfigurationPlatforms) = postSolution
		{82DAEC05-6BC6-44C5-B3C0-25E7809DD0A6}.Debug|Any CPU.ActiveCfg = Debug|Any CPU
		{82DAEC05-6BC6-44C5-B3C0-25E7809DD0A6}.Debug|Any CPU.Build.0 = Debug|Any CPU
		{82DAEC05-6BC6-44C5-B3C0-25E7809DD0A6}.Release|Any CPU.ActiveCfg = Release|Any CPU
		{82DAEC05-6BC6-44C5-B3C0-25E7809DD0A6}.Release|Any CPU.Build.0 = Release|Any CPU
		{476BF99E-F522-4BE0-BA56-14618F8BC795}.Debug|Any CPU.ActiveCfg = Debug|Any CPU
		{476BF99E-F522-4BE0-BA56-14618F8BC795}.Debug|Any CPU.Build.0 = Debug|Any CPU
		{476BF99E-F522-4BE0-BA56-14618F8BC795}.Release|Any CPU.ActiveCfg = Release|Any CPU
		{476BF99E-F522-4BE0-BA56-14618F8BC795}.Release|Any CPU.Build.0 = Release|Any CPU
	EndGlobalSection
	GlobalSection(SolutionProperties) = preSolution
		HideSolutionNode = FALSE
	EndGlobalSection
	GlobalSection(ExtensibilityGlobals) = postSolution
		SolutionGuid = {97EF943A-9227-44AF-8B1B-76A1A861CE93}
	EndGlobalSection
EndGlobal
