
Microsoft Visual Studio Solution File, Format Version 12.00
# Visual Studio 15
VisualStudioVersion = 15.0.28307.421
MinimumVisualStudioVersion = 10.0.40219.1
Project("{FAE04EC0-301F-11D3-BF4B-00C04F79EFBC}") = "Fun with ES6 Classes 1 - People, people, people", "Fun with ES6 Classes 1 - People, people, people.csproj", "{8E8E8E2D-6532-426A-9E0F-6ED9D4A1ED19}"
EndProject
Global
	GlobalSection(SolutionConfigurationPlatforms) = preSolution
		Debug|Any CPU = Debug|Any CPU
		Release|Any CPU = Release|Any CPU
	EndGlobalSection
	GlobalSection(ProjectConfigurationPlatforms) = postSolution
		{8E8E8E2D-6532-426A-9E0F-6ED9D4A1ED19}.Debug|Any CPU.ActiveCfg = Debug|Any CPU
		{8E8E8E2D-6532-426A-9E0F-6ED9D4A1ED19}.Debug|Any CPU.Build.0 = Debug|Any CPU
		{8E8E8E2D-6532-426A-9E0F-6ED9D4A1ED19}.Release|Any CPU.ActiveCfg = Release|Any CPU
		{8E8E8E2D-6532-426A-9E0F-6ED9D4A1ED19}.Release|Any CPU.Build.0 = Release|Any CPU
	EndGlobalSection
	GlobalSection(SolutionProperties) = preSolution
		HideSolutionNode = FALSE
	EndGlobalSection
	GlobalSection(ExtensibilityGlobals) = postSolution
		SolutionGuid = {2F6B0B88-4397-4D8D-9626-3CA1A4D783BF}
	EndGlobalSection
EndGlobal
